
Microsoft Visual Studio Solution File, Format Version 12.00
# Visual Studio Version 16
VisualStudioVersion = 16.0.31515.178
MinimumVisualStudioVersion = 10.0.40219.1
Project("{FAE04EC0-301F-11D3-BF4B-00C04F79EFBC}") = "Ex2.Server", "Ex2\Server\Ex2.Server.csproj", "{7F064A79-D208-4716-A6D7-A96F283685E5}"
EndProject
Project("{FAE04EC0-301F-11D3-BF4B-00C04F79EFBC}") = "Ex2.Client", "Ex2\Client\Ex2.Client.csproj", "{38858DF1-4C44-4D67-91DF-063D6A2304B4}"
EndProject
Project("{FAE04EC0-301F-11D3-BF4B-00C04F79EFBC}") = "Ex2.Shared", "Ex2\Shared\Ex2.Shared.csproj", "{4913A064-567A-4393-BF69-0AB3B5DA92A5}"
EndProject
Global
	GlobalSection(SolutionConfigurationPlatforms) = preSolution
		Debug|Any CPU = Debug|Any CPU
		Release|Any CPU = Release|Any CPU
	EndGlobalSection
	GlobalSection(ProjectConfigurationPlatforms) = postSolution
		{7F064A79-D208-4716-A6D7-A96F283685E5}.Debug|Any CPU.ActiveCfg = Debug|Any CPU
		{7F064A79-D208-4716-A6D7-A96F283685E5}.Debug|Any CPU.Build.0 = Debug|Any CPU
		{7F064A79-D208-4716-A6D7-A96F283685E5}.Release|Any CPU.ActiveCfg = Release|Any CPU
		{7F064A79-D208-4716-A6D7-A96F283685E5}.Release|Any CPU.Build.0 = Release|Any CPU
		{38858DF1-4C44-4D67-91DF-063D6A2304B4}.Debug|Any CPU.ActiveCfg = Debug|Any CPU
		{38858DF1-4C44-4D67-91DF-063D6A2304B4}.Debug|Any CPU.Build.0 = Debug|Any CPU
		{38858DF1-4C44-4D67-91DF-063D6A2304B4}.Release|Any CPU.ActiveCfg = Release|Any CPU
		{38858DF1-4C44-4D67-91DF-063D6A2304B4}.Release|Any CPU.Build.0 = Release|Any CPU
		{4913A064-567A-4393-BF69-0AB3B5DA92A5}.Debug|Any CPU.ActiveCfg = Debug|Any CPU
		{4913A064-567A-4393-BF69-0AB3B5DA92A5}.Debug|Any CPU.Build.0 = Debug|Any CPU
		{4913A064-567A-4393-BF69-0AB3B5DA92A5}.Release|Any CPU.ActiveCfg = Release|Any CPU
		{4913A064-567A-4393-BF69-0AB3B5DA92A5}.Release|Any CPU.Build.0 = Release|Any CPU
	EndGlobalSection
	GlobalSection(SolutionProperties) = preSolution
		HideSolutionNode = FALSE
	EndGlobalSection
	GlobalSection(ExtensibilityGlobals) = postSolution
		SolutionGuid = {40CF100C-78C4-4196-A8DA-FFED64575764}
	EndGlobalSection
EndGlobal
